
Microsoft Visual Studio Solution File, Format Version 12.00
# Visual Studio 14
VisualStudioVersion = 14.0.25420.1
MinimumVisualStudioVersion = 10.0.40219.1
Project("{FAE04EC0-301F-11D3-BF4B-00C04F79EFBC}") = "MVCCommonFramework.UI", "MVCCommonFramework.UI\MVCCommonFramework.UI.csproj", "{0F086C2C-DE42-4D55-844A-DC04A920D691}"
EndProject
Project("{FAE04EC0-301F-11D3-BF4B-00C04F79EFBC}") = "MVCCommonFramework.Tests", "MVCCommonFramework.Tests\MVCCommonFramework.Tests.csproj", "{5338F9B5-093A-4299-B584-7C7715FD68D4}"
EndProject
Project("{2150E333-8FDC-42A3-9474-1A3956D46DE8}") = "Infrastructure", "Infrastructure", "{094D9040-0C49-4F75-BD81-D3383C92B40C}"
EndProject
Project("{2150E333-8FDC-42A3-9474-1A3956D46DE8}") = "Model", "Model", "{D5689960-B8C6-466F-B29A-D2242901DE46}"
EndProject
Project("{2150E333-8FDC-42A3-9474-1A3956D46DE8}") = "Service", "Service", "{836A26DC-1B39-4A6E-A679-68FE9FEDF1F7}"
EndProject
Project("{2150E333-8FDC-42A3-9474-1A3956D46DE8}") = "WebMVCCommonFramework", "WebMVCCommonFramework", "{18B9D2A4-81C0-4C4C-AFD0-0D0FF171E45B}"
EndProject
Project("{2150E333-8FDC-42A3-9474-1A3956D46DE8}") = "Tests", "Tests", "{162E9E85-5F54-46CA-89C3-25FF47C4156C}"
EndProject
Project("{2150E333-8FDC-42A3-9474-1A3956D46DE8}") = "PublicConsoleTest", "PublicConsoleTest", "{C4F3CDF1-541A-420B-9572-0899F0AB398A}"
EndProject
Project("{FAE04EC0-301F-11D3-BF4B-00C04F79EFBC}") = "AccessModifiers", "AccessModifiers\AccessModifiers.csproj", "{BD6E0D14-4336-48CD-852C-15B471BFD9B5}"
EndProject
Project("{2150E333-8FDC-42A3-9474-1A3956D46DE8}") = "Application", "Application", "{F244EC0F-7B35-44AF-85BB-42EF651598B1}"
EndProject
Project("{FAE04EC0-301F-11D3-BF4B-00C04F79EFBC}") = "MVCCommon.Infrastructure.Data", "MVCCommon.Infrastructure.Data\MVCCommon.Infrastructure.Data.csproj", "{1AE947DD-DC42-4481-A2D7-9E4A678FB3B8}"
EndProject
Project("{FAE04EC0-301F-11D3-BF4B-00C04F79EFBC}") = "MVCCommon.Application", "MVCCommon.Application\MVCCommon.Application.csproj", "{5AA530BD-C8CA-4E68-B9C1-241B377A494F}"
EndProject
Project("{FAE04EC0-301F-11D3-BF4B-00C04F79EFBC}") = "MVCCommon.Infrastructure", "MVCCommon.Infrastructure\MVCCommon.Infrastructure.csproj", "{F8701EAC-21CD-4167-9E5B-267B3545E246}"
EndProject
Project("{FAE04EC0-301F-11D3-BF4B-00C04F79EFBC}") = "MVCCommon.Infrastructure.DataSource", "MVCCommon.Infrastructure.DataSource\MVCCommon.Infrastructure.DataSource.csproj", "{37A518E0-3FC9-45FB-991D-355476EF7889}"
EndProject
Project("{FAE04EC0-301F-11D3-BF4B-00C04F79EFBC}") = "MVCCommon.Infrastructure.Repository", "MVCCommon.Infrastructure.Repository\MVCCommon.Infrastructure.Repository.csproj", "{E23A48B2-CAC0-4069-89BF-1C0881664DDF}"
EndProject
Project("{FAE04EC0-301F-11D3-BF4B-00C04F79EFBC}") = "MVCCommon.Model", "MVCCommon.Model\MVCCommon.Model.csproj", "{AE0A21B3-FCE0-4DCA-87B1-FCA662AEA791}"
EndProject
Project("{FAE04EC0-301F-11D3-BF4B-00C04F79EFBC}") = "MVCCommon.Service.Domain", "MVCCommon.Service.Domain\MVCCommon.Service.Domain.csproj", "{172410C5-A563-4B69-A071-A73578D922A6}"
EndProject
Project("{FAE04EC0-301F-11D3-BF4B-00C04F79EFBC}") = "MVCCommon.Service.External", "MVCCommon.Service.External\MVCCommon.Service.External.csproj", "{86BEB085-9156-4CB5-91F4-0FCD7D1E21B0}"
EndProject
Project("{FAE04EC0-301F-11D3-BF4B-00C04F79EFBC}") = "MVCCommon.Service.IServices", "MVCCommon.Service.IServices\MVCCommon.Service.IServices.csproj", "{83CA66D9-3C94-4104-96CB-1EC920E48625}"
EndProject
Global
	GlobalSection(SolutionConfigurationPlatforms) = preSolution
		Debug|Any CPU = Debug|Any CPU
		Release|Any CPU = Release|Any CPU
	EndGlobalSection
	GlobalSection(ProjectConfigurationPlatforms) = postSolution
		{0F086C2C-DE42-4D55-844A-DC04A920D691}.Debug|Any CPU.ActiveCfg = Debug|Any CPU
		{0F086C2C-DE42-4D55-844A-DC04A920D691}.Debug|Any CPU.Build.0 = Debug|Any CPU
		{0F086C2C-DE42-4D55-844A-DC04A920D691}.Release|Any CPU.ActiveCfg = Release|Any CPU
		{0F086C2C-DE42-4D55-844A-DC04A920D691}.Release|Any CPU.Build.0 = Release|Any CPU
		{5338F9B5-093A-4299-B584-7C7715FD68D4}.Debug|Any CPU.ActiveCfg = Debug|Any CPU
		{5338F9B5-093A-4299-B584-7C7715FD68D4}.Debug|Any CPU.Build.0 = Debug|Any CPU
		{5338F9B5-093A-4299-B584-7C7715FD68D4}.Release|Any CPU.ActiveCfg = Release|Any CPU
		{5338F9B5-093A-4299-B584-7C7715FD68D4}.Release|Any CPU.Build.0 = Release|Any CPU
		{BD6E0D14-4336-48CD-852C-15B471BFD9B5}.Debug|Any CPU.ActiveCfg = Debug|Any CPU
		{BD6E0D14-4336-48CD-852C-15B471BFD9B5}.Debug|Any CPU.Build.0 = Debug|Any CPU
		{BD6E0D14-4336-48CD-852C-15B471BFD9B5}.Release|Any CPU.ActiveCfg = Release|Any CPU
		{BD6E0D14-4336-48CD-852C-15B471BFD9B5}.Release|Any CPU.Build.0 = Release|Any CPU
		{1AE947DD-DC42-4481-A2D7-9E4A678FB3B8}.Debug|Any CPU.ActiveCfg = Debug|Any CPU
		{1AE947DD-DC42-4481-A2D7-9E4A678FB3B8}.Debug|Any CPU.Build.0 = Debug|Any CPU
		{1AE947DD-DC42-4481-A2D7-9E4A678FB3B8}.Release|Any CPU.ActiveCfg = Release|Any CPU
		{1AE947DD-DC42-4481-A2D7-9E4A678FB3B8}.Release|Any CPU.Build.0 = Release|Any CPU
		{5AA530BD-C8CA-4E68-B9C1-241B377A494F}.Debug|Any CPU.ActiveCfg = Debug|Any CPU
		{5AA530BD-C8CA-4E68-B9C1-241B377A494F}.Debug|Any CPU.Build.0 = Debug|Any CPU
		{5AA530BD-C8CA-4E68-B9C1-241B377A494F}.Release|Any CPU.ActiveCfg = Release|Any CPU
		{5AA530BD-C8CA-4E68-B9C1-241B377A494F}.Release|Any CPU.Build.0 = Release|Any CPU
		{F8701EAC-21CD-4167-9E5B-267B3545E246}.Debug|Any CPU.ActiveCfg = Debug|Any CPU
		{F8701EAC-21CD-4167-9E5B-267B3545E246}.Debug|Any CPU.Build.0 = Debug|Any CPU
		{F8701EAC-21CD-4167-9E5B-267B3545E246}.Release|Any CPU.ActiveCfg = Release|Any CPU
		{F8701EAC-21CD-4167-9E5B-267B3545E246}.Release|Any CPU.Build.0 = Release|Any CPU
		{37A518E0-3FC9-45FB-991D-355476EF7889}.Debug|Any CPU.ActiveCfg = Debug|Any CPU
		{37A518E0-3FC9-45FB-991D-355476EF7889}.Debug|Any CPU.Build.0 = Debug|Any CPU
		{37A518E0-3FC9-45FB-991D-355476EF7889}.Release|Any CPU.ActiveCfg = Release|Any CPU
		{37A518E0-3FC9-45FB-991D-355476EF7889}.Release|Any CPU.Build.0 = Release|Any CPU
		{E23A48B2-CAC0-4069-89BF-1C0881664DDF}.Debug|Any CPU.ActiveCfg = Debug|Any CPU
		{E23A48B2-CAC0-4069-89BF-1C0881664DDF}.Debug|Any CPU.Build.0 = Debug|Any CPU
		{E23A48B2-CAC0-4069-89BF-1C0881664DDF}.Release|Any CPU.ActiveCfg = Release|Any CPU
		{E23A48B2-CAC0-4069-89BF-1C0881664DDF}.Release|Any CPU.Build.0 = Release|Any CPU
		{AE0A21B3-FCE0-4DCA-87B1-FCA662AEA791}.Debug|Any CPU.ActiveCfg = Debug|Any CPU
		{AE0A21B3-FCE0-4DCA-87B1-FCA662AEA791}.Debug|Any CPU.Build.0 = Debug|Any CPU
		{AE0A21B3-FCE0-4DCA-87B1-FCA662AEA791}.Release|Any CPU.ActiveCfg = Release|Any CPU
		{AE0A21B3-FCE0-4DCA-87B1-FCA662AEA791}.Release|Any CPU.Build.0 = Release|Any CPU
		{172410C5-A563-4B69-A071-A73578D922A6}.Debug|Any CPU.ActiveCfg = Debug|Any CPU
		{172410C5-A563-4B69-A071-A73578D922A6}.Debug|Any CPU.Build.0 = Debug|Any CPU
		{172410C5-A563-4B69-A071-A73578D922A6}.Release|Any CPU.ActiveCfg = Release|Any CPU
		{172410C5-A563-4B69-A071-A73578D922A6}.Release|Any CPU.Build.0 = Release|Any CPU
		{86BEB085-9156-4CB5-91F4-0FCD7D1E21B0}.Debug|Any CPU.ActiveCfg = Debug|Any CPU
		{86BEB085-9156-4CB5-91F4-0FCD7D1E21B0}.Debug|Any CPU.Build.0 = Debug|Any CPU
		{86BEB085-9156-4CB5-91F4-0FCD7D1E21B0}.Release|Any CPU.ActiveCfg = Release|Any CPU
		{86BEB085-9156-4CB5-91F4-0FCD7D1E21B0}.Release|Any CPU.Build.0 = Release|Any CPU
		{83CA66D9-3C94-4104-96CB-1EC920E48625}.Debug|Any CPU.ActiveCfg = Debug|Any CPU
		{83CA66D9-3C94-4104-96CB-1EC920E48625}.Debug|Any CPU.Build.0 = Debug|Any CPU
		{83CA66D9-3C94-4104-96CB-1EC920E48625}.Release|Any CPU.ActiveCfg = Release|Any CPU
		{83CA66D9-3C94-4104-96CB-1EC920E48625}.Release|Any CPU.Build.0 = Release|Any CPU
	EndGlobalSection
	GlobalSection(SolutionProperties) = preSolution
		HideSolutionNode = FALSE
	EndGlobalSection
	GlobalSection(NestedProjects) = preSolution
		{0F086C2C-DE42-4D55-844A-DC04A920D691} = {18B9D2A4-81C0-4C4C-AFD0-0D0FF171E45B}
		{5338F9B5-093A-4299-B584-7C7715FD68D4} = {162E9E85-5F54-46CA-89C3-25FF47C4156C}
		{C4F3CDF1-541A-420B-9572-0899F0AB398A} = {162E9E85-5F54-46CA-89C3-25FF47C4156C}
		{BD6E0D14-4336-48CD-852C-15B471BFD9B5} = {C4F3CDF1-541A-420B-9572-0899F0AB398A}
		{1AE947DD-DC42-4481-A2D7-9E4A678FB3B8} = {094D9040-0C49-4F75-BD81-D3383C92B40C}
		{5AA530BD-C8CA-4E68-B9C1-241B377A494F} = {F244EC0F-7B35-44AF-85BB-42EF651598B1}
		{F8701EAC-21CD-4167-9E5B-267B3545E246} = {094D9040-0C49-4F75-BD81-D3383C92B40C}
		{37A518E0-3FC9-45FB-991D-355476EF7889} = {094D9040-0C49-4F75-BD81-D3383C92B40C}
		{E23A48B2-CAC0-4069-89BF-1C0881664DDF} = {094D9040-0C49-4F75-BD81-D3383C92B40C}
		{AE0A21B3-FCE0-4DCA-87B1-FCA662AEA791} = {D5689960-B8C6-466F-B29A-D2242901DE46}
		{172410C5-A563-4B69-A071-A73578D922A6} = {836A26DC-1B39-4A6E-A679-68FE9FEDF1F7}
		{86BEB085-9156-4CB5-91F4-0FCD7D1E21B0} = {836A26DC-1B39-4A6E-A679-68FE9FEDF1F7}
		{83CA66D9-3C94-4104-96CB-1EC920E48625} = {836A26DC-1B39-4A6E-A679-68FE9FEDF1F7}
	EndGlobalSection
EndGlobal
