
Microsoft Visual Studio Solution File, Format Version 12.00
# Visual Studio 14
VisualStudioVersion = 14.0.25420.1
MinimumVisualStudioVersion = 10.0.40219.1
Project("{FAE04EC0-301F-11D3-BF4B-00C04F79EFBC}") = "MVCCommonFramework", "MVCCommonFramework\MVCCommonFramework.csproj", "{0F086C2C-DE42-4D55-844A-DC04A920D691}"
EndProject
Project("{FAE04EC0-301F-11D3-BF4B-00C04F79EFBC}") = "MVCCommonFramework.Tests", "MVCCommonFramework.Tests\MVCCommonFramework.Tests.csproj", "{5338F9B5-093A-4299-B584-7C7715FD68D4}"
EndProject
Project("{2150E333-8FDC-42A3-9474-1A3956D46DE8}") = "Application", "Application", "{EC7F166C-42FB-4156-92E2-6D0DE6CD8229}"
EndProject
Project("{2150E333-8FDC-42A3-9474-1A3956D46DE8}") = "Infrastructure", "Infrastructure", "{094D9040-0C49-4F75-BD81-D3383C92B40C}"
EndProject
Project("{2150E333-8FDC-42A3-9474-1A3956D46DE8}") = "Model", "Model", "{D5689960-B8C6-466F-B29A-D2242901DE46}"
EndProject
Project("{2150E333-8FDC-42A3-9474-1A3956D46DE8}") = "Service", "Service", "{836A26DC-1B39-4A6E-A679-68FE9FEDF1F7}"
EndProject
Project("{2150E333-8FDC-42A3-9474-1A3956D46DE8}") = "WebMVCCommonFramework", "WebMVCCommonFramework", "{18B9D2A4-81C0-4C4C-AFD0-0D0FF171E45B}"
EndProject
Project("{2150E333-8FDC-42A3-9474-1A3956D46DE8}") = "Tests", "Tests", "{162E9E85-5F54-46CA-89C3-25FF47C4156C}"
EndProject
Project("{FAE04EC0-301F-11D3-BF4B-00C04F79EFBC}") = "MVCCommon.Service.Domain", "MVCCommon.Service.Domain\MVCCommon.Service.Domain.csproj", "{9A6DBBC1-64B0-4291-AFFF-6700B5EBF21F}"
EndProject
Project("{2150E333-8FDC-42A3-9474-1A3956D46DE8}") = "PublicConsoleTest", "PublicConsoleTest", "{C4F3CDF1-541A-420B-9572-0899F0AB398A}"
EndProject
Project("{FAE04EC0-301F-11D3-BF4B-00C04F79EFBC}") = "AccessModifiers", "AccessModifiers\AccessModifiers.csproj", "{BD6E0D14-4336-48CD-852C-15B471BFD9B5}"
EndProject
Global
	GlobalSection(SolutionConfigurationPlatforms) = preSolution
		Debug|Any CPU = Debug|Any CPU
		Release|Any CPU = Release|Any CPU
	EndGlobalSection
	GlobalSection(ProjectConfigurationPlatforms) = postSolution
		{0F086C2C-DE42-4D55-844A-DC04A920D691}.Debug|Any CPU.ActiveCfg = Debug|Any CPU
		{0F086C2C-DE42-4D55-844A-DC04A920D691}.Debug|Any CPU.Build.0 = Debug|Any CPU
		{0F086C2C-DE42-4D55-844A-DC04A920D691}.Release|Any CPU.ActiveCfg = Release|Any CPU
		{0F086C2C-DE42-4D55-844A-DC04A920D691}.Release|Any CPU.Build.0 = Release|Any CPU
		{5338F9B5-093A-4299-B584-7C7715FD68D4}.Debug|Any CPU.ActiveCfg = Debug|Any CPU
		{5338F9B5-093A-4299-B584-7C7715FD68D4}.Debug|Any CPU.Build.0 = Debug|Any CPU
		{5338F9B5-093A-4299-B584-7C7715FD68D4}.Release|Any CPU.ActiveCfg = Release|Any CPU
		{5338F9B5-093A-4299-B584-7C7715FD68D4}.Release|Any CPU.Build.0 = Release|Any CPU
		{9A6DBBC1-64B0-4291-AFFF-6700B5EBF21F}.Debug|Any CPU.ActiveCfg = Debug|Any CPU
		{9A6DBBC1-64B0-4291-AFFF-6700B5EBF21F}.Debug|Any CPU.Build.0 = Debug|Any CPU
		{9A6DBBC1-64B0-4291-AFFF-6700B5EBF21F}.Release|Any CPU.ActiveCfg = Release|Any CPU
		{9A6DBBC1-64B0-4291-AFFF-6700B5EBF21F}.Release|Any CPU.Build.0 = Release|Any CPU
		{BD6E0D14-4336-48CD-852C-15B471BFD9B5}.Debug|Any CPU.ActiveCfg = Debug|Any CPU
		{BD6E0D14-4336-48CD-852C-15B471BFD9B5}.Debug|Any CPU.Build.0 = Debug|Any CPU
		{BD6E0D14-4336-48CD-852C-15B471BFD9B5}.Release|Any CPU.ActiveCfg = Release|Any CPU
		{BD6E0D14-4336-48CD-852C-15B471BFD9B5}.Release|Any CPU.Build.0 = Release|Any CPU
	EndGlobalSection
	GlobalSection(SolutionProperties) = preSolution
		HideSolutionNode = FALSE
	EndGlobalSection
	GlobalSection(NestedProjects) = preSolution
		{0F086C2C-DE42-4D55-844A-DC04A920D691} = {18B9D2A4-81C0-4C4C-AFD0-0D0FF171E45B}
		{5338F9B5-093A-4299-B584-7C7715FD68D4} = {162E9E85-5F54-46CA-89C3-25FF47C4156C}
		{9A6DBBC1-64B0-4291-AFFF-6700B5EBF21F} = {836A26DC-1B39-4A6E-A679-68FE9FEDF1F7}
		{C4F3CDF1-541A-420B-9572-0899F0AB398A} = {162E9E85-5F54-46CA-89C3-25FF47C4156C}
		{BD6E0D14-4336-48CD-852C-15B471BFD9B5} = {C4F3CDF1-541A-420B-9572-0899F0AB398A}
	EndGlobalSection
EndGlobal
